
Microsoft Visual Studio Solution File, Format Version 12.00
# Visual Studio 14
VisualStudioVersion = 14.0.25420.1
MinimumVisualStudioVersion = 10.0.40219.1
Project("{FAE04EC0-301F-11D3-BF4B-00C04F79EFBC}") = "Entity", "Model\Entity.csproj", "{D0B486A2-57E0-4888-A3F7-19C72A6A7D42}"
EndProject
Project("{FAE04EC0-301F-11D3-BF4B-00C04F79EFBC}") = "Repository", "Repository\Repository.csproj", "{BE380654-AC1E-4D6A-8C7F-66053B5643C2}"
EndProject
Project("{FAE04EC0-301F-11D3-BF4B-00C04F79EFBC}") = "Configuration", "Configuration\Configuration.csproj", "{1F559189-EDB8-4EA9-9DAD-115D120DC80B}"
EndProject
Project("{FAE04EC0-301F-11D3-BF4B-00C04F79EFBC}") = "Service", "Service\Service.csproj", "{4878DA49-0B96-43A8-9976-F3FABDBB8BAD}"
EndProject
Project("{FAE04EC0-301F-11D3-BF4B-00C04F79EFBC}") = "Web", "Web\Web.csproj", "{76687DA4-2CCE-4B32-9809-91330A08DD0E}"
EndProject
Global
	GlobalSection(SolutionConfigurationPlatforms) = preSolution
		Debug|Any CPU = Debug|Any CPU
		Release|Any CPU = Release|Any CPU
	EndGlobalSection
	GlobalSection(ProjectConfigurationPlatforms) = postSolution
		{D0B486A2-57E0-4888-A3F7-19C72A6A7D42}.Debug|Any CPU.ActiveCfg = Debug|Any CPU
		{D0B486A2-57E0-4888-A3F7-19C72A6A7D42}.Debug|Any CPU.Build.0 = Debug|Any CPU
		{D0B486A2-57E0-4888-A3F7-19C72A6A7D42}.Release|Any CPU.ActiveCfg = Release|Any CPU
		{D0B486A2-57E0-4888-A3F7-19C72A6A7D42}.Release|Any CPU.Build.0 = Release|Any CPU
		{BE380654-AC1E-4D6A-8C7F-66053B5643C2}.Debug|Any CPU.ActiveCfg = Debug|Any CPU
		{BE380654-AC1E-4D6A-8C7F-66053B5643C2}.Debug|Any CPU.Build.0 = Debug|Any CPU
		{BE380654-AC1E-4D6A-8C7F-66053B5643C2}.Release|Any CPU.ActiveCfg = Release|Any CPU
		{BE380654-AC1E-4D6A-8C7F-66053B5643C2}.Release|Any CPU.Build.0 = Release|Any CPU
		{1F559189-EDB8-4EA9-9DAD-115D120DC80B}.Debug|Any CPU.ActiveCfg = Debug|Any CPU
		{1F559189-EDB8-4EA9-9DAD-115D120DC80B}.Debug|Any CPU.Build.0 = Debug|Any CPU
		{1F559189-EDB8-4EA9-9DAD-115D120DC80B}.Release|Any CPU.ActiveCfg = Release|Any CPU
		{1F559189-EDB8-4EA9-9DAD-115D120DC80B}.Release|Any CPU.Build.0 = Release|Any CPU
		{4878DA49-0B96-43A8-9976-F3FABDBB8BAD}.Debug|Any CPU.ActiveCfg = Debug|Any CPU
		{4878DA49-0B96-43A8-9976-F3FABDBB8BAD}.Debug|Any CPU.Build.0 = Debug|Any CPU
		{4878DA49-0B96-43A8-9976-F3FABDBB8BAD}.Release|Any CPU.ActiveCfg = Release|Any CPU
		{4878DA49-0B96-43A8-9976-F3FABDBB8BAD}.Release|Any CPU.Build.0 = Release|Any CPU
		{76687DA4-2CCE-4B32-9809-91330A08DD0E}.Debug|Any CPU.ActiveCfg = Debug|Any CPU
		{76687DA4-2CCE-4B32-9809-91330A08DD0E}.Debug|Any CPU.Build.0 = Debug|Any CPU
		{76687DA4-2CCE-4B32-9809-91330A08DD0E}.Release|Any CPU.ActiveCfg = Release|Any CPU
		{76687DA4-2CCE-4B32-9809-91330A08DD0E}.Release|Any CPU.Build.0 = Release|Any CPU
	EndGlobalSection
	GlobalSection(SolutionProperties) = preSolution
		HideSolutionNode = FALSE
	EndGlobalSection
	GlobalSection(ExtensibilityGlobals) = postSolution
		SolutionGuid = {6468E004-D322-42FF-AB19-453C051F3295}
	EndGlobalSection
EndGlobal
